// !$*UTF8*$!
{
	archiveVersion = 1;
	classes = {
	};
	objectVersion = 56;
	objects = {

/* Begin PBXBuildFile section */
		45048EF22D37E013009DD2E8 /* Order.swift in Sources */ = {isa = PBXBuildFile; fileRef = 45048EF12D37E013009DD2E8 /* Order.swift */; };
		45048EF52D37F92D009DD2E8 /* OrdersView.swift in Sources */ = {isa = PBXBuildFile; fileRef = 45048EF42D37F92D009DD2E8 /* OrdersView.swift */; };
		45048EF82D37FDA1009DD2E8 /* MainView.swift in Sources */ = {isa = PBXBuildFile; fileRef = 45048EF72D37FDA1009DD2E8 /* MainView.swift */; };
		45048EFB2D3802AF009DD2E8 /* CheckoutView.swift in Sources */ = {isa = PBXBuildFile; fileRef = 45048EFA2D3802AF009DD2E8 /* CheckoutView.swift */; };
		450D8FB22D352AA7002D203A /* MVVM_fakestoreApp.swift in Sources */ = {isa = PBXBuildFile; fileRef = 450D8FB12D352AA7002D203A /* MVVM_fakestoreApp.swift */; };
		450D8FB42D352AA7002D203A /* ContentView.swift in Sources */ = {isa = PBXBuildFile; fileRef = 450D8FB32D352AA7002D203A /* ContentView.swift */; };
		450D8FB62D352AAB002D203A /* Assets.xcassets in Resources */ = {isa = PBXBuildFile; fileRef = 450D8FB52D352AAB002D203A /* Assets.xcassets */; };
		450D8FBA2D352AAB002D203A /* Preview Assets.xcassets in Resources */ = {isa = PBXBuildFile; fileRef = 450D8FB92D352AAB002D203A /* Preview Assets.xcassets */; };
		450D8FC42D352AAB002D203A /* MVVM_fakestoreTests.swift in Sources */ = {isa = PBXBuildFile; fileRef = 450D8FC32D352AAB002D203A /* MVVM_fakestoreTests.swift */; };
		450D8FCE2D352AAB002D203A /* MVVM_fakestoreUITests.swift in Sources */ = {isa = PBXBuildFile; fileRef = 450D8FCD2D352AAB002D203A /* MVVM_fakestoreUITests.swift */; };
		450D8FD02D352AAB002D203A /* MVVM_fakestoreUITestsLaunchTests.swift in Sources */ = {isa = PBXBuildFile; fileRef = 450D8FCF2D352AAB002D203A /* MVVM_fakestoreUITestsLaunchTests.swift */; };
		450D8FDE2D352AEA002D203A /* NetworkManager.swift in Sources */ = {isa = PBXBuildFile; fileRef = 450D8FDD2D352AEA002D203A /* NetworkManager.swift */; };
		450D8FE12D352C53002D203A /* ProductModel.swift in Sources */ = {isa = PBXBuildFile; fileRef = 450D8FE02D352C53002D203A /* ProductModel.swift */; };
		450D8FE42D353334002D203A /* ProductListViewModel.swift in Sources */ = {isa = PBXBuildFile; fileRef = 450D8FE32D353334002D203A /* ProductListViewModel.swift */; };
		450D8FE72D354ADA002D203A /* Image+Extension.swift in Sources */ = {isa = PBXBuildFile; fileRef = 450D8FE62D354ADA002D203A /* Image+Extension.swift */; };
		450D8FEA2D355E33002D203A /* ImageFromUrl.swift in Sources */ = {isa = PBXBuildFile; fileRef = 450D8FE92D355E33002D203A /* ImageFromUrl.swift */; };
		450D8FF02D3578A0002D203A /* SDWebImageSwiftUI in Frameworks */ = {isa = PBXBuildFile; productRef = 450D8FEF2D3578A0002D203A /* SDWebImageSwiftUI */; };
		451AFC122D36A5160001A039 /* ProductDetail.swift in Sources */ = {isa = PBXBuildFile; fileRef = 451AFC112D36A5160001A039 /* ProductDetail.swift */; };
		451AFC152D36B59B0001A039 /* NavigationStackBootCamp.swift in Sources */ = {isa = PBXBuildFile; fileRef = 451AFC142D36B59B0001A039 /* NavigationStackBootCamp.swift */; };
		451C283B2D4938AB00CC3950 /* ProductsService.swift in Sources */ = {isa = PBXBuildFile; fileRef = 451C283A2D4938AB00CC3950 /* ProductsService.swift */; };
		451C283E2D49434000CC3950 /* MockProductsService.swift in Sources */ = {isa = PBXBuildFile; fileRef = 451C283D2D49434000CC3950 /* MockProductsService.swift */; };
		451C28402D49456F00CC3950 /* ProductViewModelTests.swift in Sources */ = {isa = PBXBuildFile; fileRef = 451C283F2D49456F00CC3950 /* ProductViewModelTests.swift */; };
		45219FB92D47C86100D7CAD7 /* Notes.swift in Sources */ = {isa = PBXBuildFile; fileRef = 45219FB82D47C86100D7CAD7 /* Notes.swift */; };
		453D46862D4A6609001B35FE /* MockNetworkManager.swift in Sources */ = {isa = PBXBuildFile; fileRef = 453D46852D4A6609001B35FE /* MockNetworkManager.swift */; };
		45DC605B2D4A84CC00AE529C /* SDWebImageSwiftUI in Frameworks */ = {isa = PBXBuildFile; productRef = 45DC605A2D4A84CC00AE529C /* SDWebImageSwiftUI */; };
		45EDB3E32D392CD400B4F7C8 /* SortedProductList.swift in Sources */ = {isa = PBXBuildFile; fileRef = 45EDB3E22D392CD400B4F7C8 /* SortedProductList.swift */; };
		45EDB3E52D392D4500B4F7C8 /* SortedListViewModel.swift in Sources */ = {isa = PBXBuildFile; fileRef = 45EDB3E42D392D4500B4F7C8 /* SortedListViewModel.swift */; };
		45F24AF72D3E8251000CA242 /* CoreDataBootCamp.swift in Sources */ = {isa = PBXBuildFile; fileRef = 45F24AF62D3E8251000CA242 /* CoreDataBootCamp.swift */; };
		45F24AFA2D3E84BC000CA242 /* FruitContainer.xcdatamodeld in Sources */ = {isa = PBXBuildFile; fileRef = 45F24AF82D3E84BC000CA242 /* FruitContainer.xcdatamodeld */; };
		45F24AFD2D3EA2D8000CA242 /* CoreDataRelationshipBootCamp.swift in Sources */ = {isa = PBXBuildFile; fileRef = 45F24AFC2D3EA2D8000CA242 /* CoreDataRelationshipBootCamp.swift */; };
		45F24B002D3EA9D1000CA242 /* CoreDataContainer.xcdatamodeld in Sources */ = {isa = PBXBuildFile; fileRef = 45F24AFE2D3EA9D1000CA242 /* CoreDataContainer.xcdatamodeld */; };
		45F2F75F2D42839A00A9B564 /* SubscriberBootCamp.swift in Sources */ = {isa = PBXBuildFile; fileRef = 45F2F75E2D42839A00A9B564 /* SubscriberBootCamp.swift */; };
		45FB0DB62D415B7A002DFFA6 /* ThreadingMultiBackgroundQueuos.swift in Sources */ = {isa = PBXBuildFile; fileRef = 45FB0DB52D415B7A002DFFA6 /* ThreadingMultiBackgroundQueuos.swift */; };
/* End PBXBuildFile section */

/* Begin PBXContainerItemProxy section */
		450D8FCA2D352AAB002D203A /* PBXContainerItemProxy */ = {
			isa = PBXContainerItemProxy;
			containerPortal = 450D8FA62D352AA7002D203A /* Project object */;
			proxyType = 1;
			remoteGlobalIDString = 450D8FAD2D352AA7002D203A;
			remoteInfo = "MVVM-fakestore";
		};
/* End PBXContainerItemProxy section */

/* Begin PBXFileReference section */
		45048EF12D37E013009DD2E8 /* Order.swift */ = {isa = PBXFileReference; lastKnownFileType = sourcecode.swift; path = Order.swift; sourceTree = "<group>"; };
		45048EF42D37F92D009DD2E8 /* OrdersView.swift */ = {isa = PBXFileReference; lastKnownFileType = sourcecode.swift; path = OrdersView.swift; sourceTree = "<group>"; };
		45048EF72D37FDA1009DD2E8 /* MainView.swift */ = {isa = PBXFileReference; lastKnownFileType = sourcecode.swift; path = MainView.swift; sourceTree = "<group>"; };
		45048EFA2D3802AF009DD2E8 /* CheckoutView.swift */ = {isa = PBXFileReference; lastKnownFileType = sourcecode.swift; path = CheckoutView.swift; sourceTree = "<group>"; };
		450D8FAE2D352AA7002D203A /* MVVM-fakestore.app */ = {isa = PBXFileReference; explicitFileType = wrapper.application; includeInIndex = 0; path = "MVVM-fakestore.app"; sourceTree = BUILT_PRODUCTS_DIR; };
		450D8FB12D352AA7002D203A /* MVVM_fakestoreApp.swift */ = {isa = PBXFileReference; lastKnownFileType = sourcecode.swift; path = MVVM_fakestoreApp.swift; sourceTree = "<group>"; };
		450D8FB32D352AA7002D203A /* ContentView.swift */ = {isa = PBXFileReference; lastKnownFileType = sourcecode.swift; path = ContentView.swift; sourceTree = "<group>"; };
		450D8FB52D352AAB002D203A /* Assets.xcassets */ = {isa = PBXFileReference; lastKnownFileType = folder.assetcatalog; path = Assets.xcassets; sourceTree = "<group>"; };
		450D8FB72D352AAB002D203A /* MVVM_fakestore.entitlements */ = {isa = PBXFileReference; lastKnownFileType = text.plist.entitlements; path = MVVM_fakestore.entitlements; sourceTree = "<group>"; };
		450D8FB92D352AAB002D203A /* Preview Assets.xcassets */ = {isa = PBXFileReference; lastKnownFileType = folder.assetcatalog; path = "Preview Assets.xcassets"; sourceTree = "<group>"; };
		450D8FBF2D352AAB002D203A /* MVVM-fakestoreTests.xctest */ = {isa = PBXFileReference; explicitFileType = wrapper.cfbundle; includeInIndex = 0; path = "MVVM-fakestoreTests.xctest"; sourceTree = BUILT_PRODUCTS_DIR; };
		450D8FC32D352AAB002D203A /* MVVM_fakestoreTests.swift */ = {isa = PBXFileReference; lastKnownFileType = sourcecode.swift; path = MVVM_fakestoreTests.swift; sourceTree = "<group>"; };
		450D8FC92D352AAB002D203A /* MVVM-fakestoreUITests.xctest */ = {isa = PBXFileReference; explicitFileType = wrapper.cfbundle; includeInIndex = 0; path = "MVVM-fakestoreUITests.xctest"; sourceTree = BUILT_PRODUCTS_DIR; };
		450D8FCD2D352AAB002D203A /* MVVM_fakestoreUITests.swift */ = {isa = PBXFileReference; lastKnownFileType = sourcecode.swift; path = MVVM_fakestoreUITests.swift; sourceTree = "<group>"; };
		450D8FCF2D352AAB002D203A /* MVVM_fakestoreUITestsLaunchTests.swift */ = {isa = PBXFileReference; lastKnownFileType = sourcecode.swift; path = MVVM_fakestoreUITestsLaunchTests.swift; sourceTree = "<group>"; };
		450D8FDD2D352AEA002D203A /* NetworkManager.swift */ = {isa = PBXFileReference; lastKnownFileType = sourcecode.swift; path = NetworkManager.swift; sourceTree = "<group>"; };
		450D8FE02D352C53002D203A /* ProductModel.swift */ = {isa = PBXFileReference; lastKnownFileType = sourcecode.swift; path = ProductModel.swift; sourceTree = "<group>"; };
		450D8FE32D353334002D203A /* ProductListViewModel.swift */ = {isa = PBXFileReference; lastKnownFileType = sourcecode.swift; path = ProductListViewModel.swift; sourceTree = "<group>"; };
		450D8FE62D354ADA002D203A /* Image+Extension.swift */ = {isa = PBXFileReference; lastKnownFileType = sourcecode.swift; path = "Image+Extension.swift"; sourceTree = "<group>"; };
		450D8FE92D355E33002D203A /* ImageFromUrl.swift */ = {isa = PBXFileReference; lastKnownFileType = sourcecode.swift; path = ImageFromUrl.swift; sourceTree = "<group>"; };
		451AFC112D36A5160001A039 /* ProductDetail.swift */ = {isa = PBXFileReference; lastKnownFileType = sourcecode.swift; path = ProductDetail.swift; sourceTree = "<group>"; };
		451AFC142D36B59B0001A039 /* NavigationStackBootCamp.swift */ = {isa = PBXFileReference; lastKnownFileType = sourcecode.swift; path = NavigationStackBootCamp.swift; sourceTree = "<group>"; };
		451C283A2D4938AB00CC3950 /* ProductsService.swift */ = {isa = PBXFileReference; lastKnownFileType = sourcecode.swift; path = ProductsService.swift; sourceTree = "<group>"; };
		451C283D2D49434000CC3950 /* MockProductsService.swift */ = {isa = PBXFileReference; lastKnownFileType = sourcecode.swift; path = MockProductsService.swift; sourceTree = "<group>"; };
		451C283F2D49456F00CC3950 /* ProductViewModelTests.swift */ = {isa = PBXFileReference; lastKnownFileType = sourcecode.swift; path = ProductViewModelTests.swift; sourceTree = "<group>"; };
		45219FB82D47C86100D7CAD7 /* Notes.swift */ = {isa = PBXFileReference; lastKnownFileType = sourcecode.swift; path = Notes.swift; sourceTree = "<group>"; };
		453D46852D4A6609001B35FE /* MockNetworkManager.swift */ = {isa = PBXFileReference; lastKnownFileType = sourcecode.swift; path = MockNetworkManager.swift; sourceTree = "<group>"; };
		45EDB3E22D392CD400B4F7C8 /* SortedProductList.swift */ = {isa = PBXFileReference; lastKnownFileType = sourcecode.swift; path = SortedProductList.swift; sourceTree = "<group>"; };
		45EDB3E42D392D4500B4F7C8 /* SortedListViewModel.swift */ = {isa = PBXFileReference; lastKnownFileType = sourcecode.swift; path = SortedListViewModel.swift; sourceTree = "<group>"; };
		45EDB3E82D393EC100B4F7C8 /* BootCampTuples.playground */ = {isa = PBXFileReference; lastKnownFileType = file.playground; path = BootCampTuples.playground; sourceTree = "<group>"; xcLanguageSpecificationIdentifier = xcode.lang.swift; };
		45EDB3E92D3942CB00B4F7C8 /* ObjectOrientedProgramming.playground */ = {isa = PBXFileReference; lastKnownFileType = file.playground; path = ObjectOrientedProgramming.playground; sourceTree = "<group>"; xcLanguageSpecificationIdentifier = xcode.lang.swift; };
		45EDB3EA2D39435600B4F7C8 /* ObjectOrientedProgramming2.playground */ = {isa = PBXFileReference; lastKnownFileType = file.playground; path = ObjectOrientedProgramming2.playground; sourceTree = "<group>"; xcLanguageSpecificationIdentifier = xcode.lang.swift; };
		45F24AF62D3E8251000CA242 /* CoreDataBootCamp.swift */ = {isa = PBXFileReference; lastKnownFileType = sourcecode.swift; path = CoreDataBootCamp.swift; sourceTree = "<group>"; };
		45F24AF92D3E84BC000CA242 /* FruitContainer.xcdatamodel */ = {isa = PBXFileReference; lastKnownFileType = wrapper.xcdatamodel; path = FruitContainer.xcdatamodel; sourceTree = "<group>"; };
		45F24AFC2D3EA2D8000CA242 /* CoreDataRelationshipBootCamp.swift */ = {isa = PBXFileReference; lastKnownFileType = sourcecode.swift; path = CoreDataRelationshipBootCamp.swift; sourceTree = "<group>"; };
		45F24AFF2D3EA9D1000CA242 /* CoreDataContainer.xcdatamodel */ = {isa = PBXFileReference; lastKnownFileType = wrapper.xcdatamodel; path = CoreDataContainer.xcdatamodel; sourceTree = "<group>"; };
		45F2F75E2D42839A00A9B564 /* SubscriberBootCamp.swift */ = {isa = PBXFileReference; lastKnownFileType = sourcecode.swift; path = SubscriberBootCamp.swift; sourceTree = "<group>"; };
		45FB0DB52D415B7A002DFFA6 /* ThreadingMultiBackgroundQueuos.swift */ = {isa = PBXFileReference; lastKnownFileType = sourcecode.swift; path = ThreadingMultiBackgroundQueuos.swift; sourceTree = "<group>"; };
/* End PBXFileReference section */

/* Begin PBXFrameworksBuildPhase section */
		450D8FAB2D352AA7002D203A /* Frameworks */ = {
			isa = PBXFrameworksBuildPhase;
			buildActionMask = 2147483647;
			files = (
				450D8FF02D3578A0002D203A /* SDWebImageSwiftUI in Frameworks */,
			);
			runOnlyForDeploymentPostprocessing = 0;
		};
		450D8FBC2D352AAB002D203A /* Frameworks */ = {
			isa = PBXFrameworksBuildPhase;
			buildActionMask = 2147483647;
			files = (
				45DC605B2D4A84CC00AE529C /* SDWebImageSwiftUI in Frameworks */,
			);
			runOnlyForDeploymentPostprocessing = 0;
		};
		450D8FC62D352AAB002D203A /* Frameworks */ = {
			isa = PBXFrameworksBuildPhase;
			buildActionMask = 2147483647;
			files = (
			);
			runOnlyForDeploymentPostprocessing = 0;
		};
/* End PBXFrameworksBuildPhase section */

/* Begin PBXGroup section */
		45048EF32D37F919009DD2E8 /* OrdersView */ = {
			isa = PBXGroup;
			children = (
				45048EF42D37F92D009DD2E8 /* OrdersView.swift */,
			);
			path = OrdersView;
			sourceTree = "<group>";
		};
		45048EF62D37FD8C009DD2E8 /* TabView */ = {
			isa = PBXGroup;
			children = (
				45048EF72D37FDA1009DD2E8 /* MainView.swift */,
			);
			path = TabView;
			sourceTree = "<group>";
		};
		45048EF92D38029C009DD2E8 /* CheckoutView */ = {
			isa = PBXGroup;
			children = (
				45048EFA2D3802AF009DD2E8 /* CheckoutView.swift */,
			);
			path = CheckoutView;
			sourceTree = "<group>";
		};
		450D8FA52D352AA7002D203A = {
			isa = PBXGroup;
			children = (
				450D8FB02D352AA7002D203A /* MVVM-fakestore */,
				450D8FC22D352AAB002D203A /* MVVM-fakestoreTests */,
				450D8FCC2D352AAB002D203A /* MVVM-fakestoreUITests */,
				450D8FAF2D352AA7002D203A /* Products */,
				45DC60592D4A84CC00AE529C /* Frameworks */,
			);
			sourceTree = "<group>";
		};
		450D8FAF2D352AA7002D203A /* Products */ = {
			isa = PBXGroup;
			children = (
				450D8FAE2D352AA7002D203A /* MVVM-fakestore.app */,
				450D8FBF2D352AAB002D203A /* MVVM-fakestoreTests.xctest */,
				450D8FC92D352AAB002D203A /* MVVM-fakestoreUITests.xctest */,
			);
			name = Products;
			sourceTree = "<group>";
		};
		450D8FB02D352AA7002D203A /* MVVM-fakestore */ = {
			isa = PBXGroup;
			children = (
				451C283C2D49432500CC3950 /* MockServices */,
				451C28392D49388D00CC3950 /* Services */,
				45219FB72D47C85100D7CAD7 /* Notes */,
				450D8FE82D355E19002D203A /* AppCore */,
				450D8FE52D354AB9002D203A /* Extensions */,
				450D8FDC2D352AD3002D203A /* Managers */,
				45EDB3E02D3924FD00B4F7C8 /* HomeProduct */,
				451AFC102D36A5020001A039 /* DetailProduct */,
				45048EF62D37FD8C009DD2E8 /* TabView */,
				451AFC132D36B57F0001A039 /* BootCamps */,
				45048EF32D37F919009DD2E8 /* OrdersView */,
				45048EF92D38029C009DD2E8 /* CheckoutView */,
				450D8FB52D352AAB002D203A /* Assets.xcassets */,
				45EDB3E12D392CB800B4F7C8 /* SortedList */,
				450D8FB72D352AAB002D203A /* MVVM_fakestore.entitlements */,
				450D8FB82D352AAB002D203A /* Preview Content */,
			);
			path = "MVVM-fakestore";
			sourceTree = "<group>";
		};
		450D8FB82D352AAB002D203A /* Preview Content */ = {
			isa = PBXGroup;
			children = (
				450D8FB92D352AAB002D203A /* Preview Assets.xcassets */,
			);
			path = "Preview Content";
			sourceTree = "<group>";
		};
		450D8FC22D352AAB002D203A /* MVVM-fakestoreTests */ = {
			isa = PBXGroup;
			children = (
				450D8FC32D352AAB002D203A /* MVVM_fakestoreTests.swift */,
				451C283F2D49456F00CC3950 /* ProductViewModelTests.swift */,
			);
			path = "MVVM-fakestoreTests";
			sourceTree = "<group>";
		};
		450D8FCC2D352AAB002D203A /* MVVM-fakestoreUITests */ = {
			isa = PBXGroup;
			children = (
				450D8FCD2D352AAB002D203A /* MVVM_fakestoreUITests.swift */,
				450D8FCF2D352AAB002D203A /* MVVM_fakestoreUITestsLaunchTests.swift */,
			);
			path = "MVVM-fakestoreUITests";
			sourceTree = "<group>";
		};
		450D8FDC2D352AD3002D203A /* Managers */ = {
			isa = PBXGroup;
			children = (
				450D8FDD2D352AEA002D203A /* NetworkManager.swift */,
				453D46852D4A6609001B35FE /* MockNetworkManager.swift */,
			);
			path = Managers;
			sourceTree = "<group>";
		};
		450D8FE52D354AB9002D203A /* Extensions */ = {
			isa = PBXGroup;
			children = (
				450D8FE62D354ADA002D203A /* Image+Extension.swift */,
			);
			path = Extensions;
			sourceTree = "<group>";
		};
		450D8FE82D355E19002D203A /* AppCore */ = {
			isa = PBXGroup;
			children = (
				450D8FB12D352AA7002D203A /* MVVM_fakestoreApp.swift */,
				450D8FE92D355E33002D203A /* ImageFromUrl.swift */,
				45048EF12D37E013009DD2E8 /* Order.swift */,
			);
			path = AppCore;
			sourceTree = "<group>";
		};
		451AFC102D36A5020001A039 /* DetailProduct */ = {
			isa = PBXGroup;
			children = (
				451AFC112D36A5160001A039 /* ProductDetail.swift */,
			);
			path = DetailProduct;
			sourceTree = "<group>";
		};
		451AFC132D36B57F0001A039 /* BootCamps */ = {
			isa = PBXGroup;
			children = (
				451AFC142D36B59B0001A039 /* NavigationStackBootCamp.swift */,
				45F24AFB2D3EA2C0000CA242 /* CoreData */,
				45EDB3EA2D39435600B4F7C8 /* ObjectOrientedProgramming2.playground */,
				45EDB3E92D3942CB00B4F7C8 /* ObjectOrientedProgramming.playground */,
				45EDB3E82D393EC100B4F7C8 /* BootCampTuples.playground */,
				45F24AF62D3E8251000CA242 /* CoreDataBootCamp.swift */,
				45F24AF82D3E84BC000CA242 /* FruitContainer.xcdatamodeld */,
				45FB0DB52D415B7A002DFFA6 /* ThreadingMultiBackgroundQueuos.swift */,
				45F2F75E2D42839A00A9B564 /* SubscriberBootCamp.swift */,
			);
			path = BootCamps;
			sourceTree = "<group>";
		};
		451C28392D49388D00CC3950 /* Services */ = {
			isa = PBXGroup;
			children = (
				451C283A2D4938AB00CC3950 /* ProductsService.swift */,
			);
			path = Services;
			sourceTree = "<group>";
		};
		451C283C2D49432500CC3950 /* MockServices */ = {
			isa = PBXGroup;
			children = (
				451C283D2D49434000CC3950 /* MockProductsService.swift */,
			);
			path = MockServices;
			sourceTree = "<group>";
		};
		45219FB72D47C85100D7CAD7 /* Notes */ = {
			isa = PBXGroup;
			children = (
				45219FB82D47C86100D7CAD7 /* Notes.swift */,
			);
			path = Notes;
			sourceTree = "<group>";
		};
		45DC60592D4A84CC00AE529C /* Frameworks */ = {
			isa = PBXGroup;
			children = (
			);
			name = Frameworks;
			sourceTree = "<group>";
		};
		45EDB3E02D3924FD00B4F7C8 /* HomeProduct */ = {
			isa = PBXGroup;
			children = (
				450D8FE02D352C53002D203A /* ProductModel.swift */,
				450D8FE32D353334002D203A /* ProductListViewModel.swift */,
				450D8FB32D352AA7002D203A /* ContentView.swift */,
			);
			path = HomeProduct;
			sourceTree = "<group>";
		};
		45EDB3E12D392CB800B4F7C8 /* SortedList */ = {
			isa = PBXGroup;
			children = (
				45EDB3E22D392CD400B4F7C8 /* SortedProductList.swift */,
				45EDB3E42D392D4500B4F7C8 /* SortedListViewModel.swift */,
			);
			path = SortedList;
			sourceTree = "<group>";
		};
		45F24AFB2D3EA2C0000CA242 /* CoreData */ = {
			isa = PBXGroup;
			children = (
				45F24AFC2D3EA2D8000CA242 /* CoreDataRelationshipBootCamp.swift */,
				45F24AFE2D3EA9D1000CA242 /* CoreDataContainer.xcdatamodeld */,
			);
			path = CoreData;
			sourceTree = "<group>";
		};
/* End PBXGroup section */

/* Begin PBXNativeTarget section */
		450D8FAD2D352AA7002D203A /* MVVM-fakestore */ = {
			isa = PBXNativeTarget;
			buildConfigurationList = 450D8FD32D352AAB002D203A /* Build configuration list for PBXNativeTarget "MVVM-fakestore" */;
			buildPhases = (
				450D8FAA2D352AA7002D203A /* Sources */,
				450D8FAB2D352AA7002D203A /* Frameworks */,
				450D8FAC2D352AA7002D203A /* Resources */,
			);
			buildRules = (
			);
			dependencies = (
			);
			name = "MVVM-fakestore";
			packageProductDependencies = (
				450D8FEF2D3578A0002D203A /* SDWebImageSwiftUI */,
			);
			productName = "MVVM-fakestore";
			productReference = 450D8FAE2D352AA7002D203A /* MVVM-fakestore.app */;
			productType = "com.apple.product-type.application";
		};
		450D8FBE2D352AAB002D203A /* MVVM-fakestoreTests */ = {
			isa = PBXNativeTarget;
			buildConfigurationList = 450D8FD62D352AAB002D203A /* Build configuration list for PBXNativeTarget "MVVM-fakestoreTests" */;
			buildPhases = (
				450D8FBB2D352AAB002D203A /* Sources */,
				450D8FBC2D352AAB002D203A /* Frameworks */,
				450D8FBD2D352AAB002D203A /* Resources */,
			);
			buildRules = (
			);
			dependencies = (
				45DC60582D4A83F900AE529C /* PBXTargetDependency */,
			);
			name = "MVVM-fakestoreTests";
			packageProductDependencies = (
				45DC605A2D4A84CC00AE529C /* SDWebImageSwiftUI */,
			);
			productName = "MVVM-fakestoreTests";
			productReference = 450D8FBF2D352AAB002D203A /* MVVM-fakestoreTests.xctest */;
			productType = "com.apple.product-type.bundle.unit-test";
		};
		450D8FC82D352AAB002D203A /* MVVM-fakestoreUITests */ = {
			isa = PBXNativeTarget;
			buildConfigurationList = 450D8FD92D352AAB002D203A /* Build configuration list for PBXNativeTarget "MVVM-fakestoreUITests" */;
			buildPhases = (
				450D8FC52D352AAB002D203A /* Sources */,
				450D8FC62D352AAB002D203A /* Frameworks */,
				450D8FC72D352AAB002D203A /* Resources */,
			);
			buildRules = (
			);
			dependencies = (
				450D8FCB2D352AAB002D203A /* PBXTargetDependency */,
			);
			name = "MVVM-fakestoreUITests";
			productName = "MVVM-fakestoreUITests";
			productReference = 450D8FC92D352AAB002D203A /* MVVM-fakestoreUITests.xctest */;
			productType = "com.apple.product-type.bundle.ui-testing";
		};
/* End PBXNativeTarget section */

/* Begin PBXProject section */
		450D8FA62D352AA7002D203A /* Project object */ = {
			isa = PBXProject;
			attributes = {
				BuildIndependentTargetsInParallel = 1;
				LastSwiftUpdateCheck = 1420;
				LastUpgradeCheck = 1420;
				TargetAttributes = {
					450D8FAD2D352AA7002D203A = {
						CreatedOnToolsVersion = 14.2;
					};
					450D8FBE2D352AAB002D203A = {
						CreatedOnToolsVersion = 14.2;
						TestTargetID = 450D8FAD2D352AA7002D203A;
					};
					450D8FC82D352AAB002D203A = {
						CreatedOnToolsVersion = 14.2;
						TestTargetID = 450D8FAD2D352AA7002D203A;
					};
				};
			};
			buildConfigurationList = 450D8FA92D352AA7002D203A /* Build configuration list for PBXProject "MVVM-fakestore" */;
			compatibilityVersion = "Xcode 14.0";
			developmentRegion = en;
			hasScannedForEncodings = 0;
			knownRegions = (
				en,
				Base,
			);
			mainGroup = 450D8FA52D352AA7002D203A;
			packageReferences = (
				450D8FEE2D3578A0002D203A /* XCRemoteSwiftPackageReference "SDWebImageSwiftUI" */,
			);
			productRefGroup = 450D8FAF2D352AA7002D203A /* Products */;
			projectDirPath = "";
			projectRoot = "";
			targets = (
				450D8FAD2D352AA7002D203A /* MVVM-fakestore */,
				450D8FBE2D352AAB002D203A /* MVVM-fakestoreTests */,
				450D8FC82D352AAB002D203A /* MVVM-fakestoreUITests */,
			);
		};
/* End PBXProject section */

/* Begin PBXResourcesBuildPhase section */
		450D8FAC2D352AA7002D203A /* Resources */ = {
			isa = PBXResourcesBuildPhase;
			buildActionMask = 2147483647;
			files = (
				450D8FBA2D352AAB002D203A /* Preview Assets.xcassets in Resources */,
				450D8FB62D352AAB002D203A /* Assets.xcassets in Resources */,
			);
			runOnlyForDeploymentPostprocessing = 0;
		};
		450D8FBD2D352AAB002D203A /* Resources */ = {
			isa = PBXResourcesBuildPhase;
			buildActionMask = 2147483647;
			files = (
			);
			runOnlyForDeploymentPostprocessing = 0;
		};
		450D8FC72D352AAB002D203A /* Resources */ = {
			isa = PBXResourcesBuildPhase;
			buildActionMask = 2147483647;
			files = (
			);
			runOnlyForDeploymentPostprocessing = 0;
		};
/* End PBXResourcesBuildPhase section */

/* Begin PBXSourcesBuildPhase section */
		450D8FAA2D352AA7002D203A /* Sources */ = {
			isa = PBXSourcesBuildPhase;
			buildActionMask = 2147483647;
			files = (
				45048EF52D37F92D009DD2E8 /* OrdersView.swift in Sources */,
				451AFC152D36B59B0001A039 /* NavigationStackBootCamp.swift in Sources */,
				45FB0DB62D415B7A002DFFA6 /* ThreadingMultiBackgroundQueuos.swift in Sources */,
				450D8FDE2D352AEA002D203A /* NetworkManager.swift in Sources */,
				453D46862D4A6609001B35FE /* MockNetworkManager.swift in Sources */,
				45048EF22D37E013009DD2E8 /* Order.swift in Sources */,
				451C283B2D4938AB00CC3950 /* ProductsService.swift in Sources */,
				45EDB3E32D392CD400B4F7C8 /* SortedProductList.swift in Sources */,
				45F24AFA2D3E84BC000CA242 /* FruitContainer.xcdatamodeld in Sources */,
				450D8FE42D353334002D203A /* ProductListViewModel.swift in Sources */,
				45EDB3E52D392D4500B4F7C8 /* SortedListViewModel.swift in Sources */,
				451AFC122D36A5160001A039 /* ProductDetail.swift in Sources */,
				450D8FB42D352AA7002D203A /* ContentView.swift in Sources */,
				45F24AF72D3E8251000CA242 /* CoreDataBootCamp.swift in Sources */,
				45048EFB2D3802AF009DD2E8 /* CheckoutView.swift in Sources */,
				450D8FB22D352AA7002D203A /* MVVM_fakestoreApp.swift in Sources */,
				45F24B002D3EA9D1000CA242 /* CoreDataContainer.xcdatamodeld in Sources */,
				45219FB92D47C86100D7CAD7 /* Notes.swift in Sources */,
				45F24AFD2D3EA2D8000CA242 /* CoreDataRelationshipBootCamp.swift in Sources */,
				45F2F75F2D42839A00A9B564 /* SubscriberBootCamp.swift in Sources */,
				451C283E2D49434000CC3950 /* MockProductsService.swift in Sources */,
				450D8FE12D352C53002D203A /* ProductModel.swift in Sources */,
				450D8FEA2D355E33002D203A /* ImageFromUrl.swift in Sources */,
				45048EF82D37FDA1009DD2E8 /* MainView.swift in Sources */,
				450D8FE72D354ADA002D203A /* Image+Extension.swift in Sources */,
			);
			runOnlyForDeploymentPostprocessing = 0;
		};
		450D8FBB2D352AAB002D203A /* Sources */ = {
			isa = PBXSourcesBuildPhase;
			buildActionMask = 2147483647;
			files = (
				451C28402D49456F00CC3950 /* ProductViewModelTests.swift in Sources */,
				450D8FC42D352AAB002D203A /* MVVM_fakestoreTests.swift in Sources */,
			);
			runOnlyForDeploymentPostprocessing = 0;
		};
		450D8FC52D352AAB002D203A /* Sources */ = {
			isa = PBXSourcesBuildPhase;
			buildActionMask = 2147483647;
			files = (
				450D8FCE2D352AAB002D203A /* MVVM_fakestoreUITests.swift in Sources */,
				450D8FD02D352AAB002D203A /* MVVM_fakestoreUITestsLaunchTests.swift in Sources */,
			);
			runOnlyForDeploymentPostprocessing = 0;
		};
/* End PBXSourcesBuildPhase section */

/* Begin PBXTargetDependency section */
		450D8FCB2D352AAB002D203A /* PBXTargetDependency */ = {
			isa = PBXTargetDependency;
			target = 450D8FAD2D352AA7002D203A /* MVVM-fakestore */;
			targetProxy = 450D8FCA2D352AAB002D203A /* PBXContainerItemProxy */;
		};
		45DC60582D4A83F900AE529C /* PBXTargetDependency */ = {
			isa = PBXTargetDependency;
			productRef = 45DC60572D4A83F900AE529C /* SDWebImageSwiftUI */;
		};
/* End PBXTargetDependency section */

/* Begin XCBuildConfiguration section */
		450D8FD12D352AAB002D203A /* Debug */ = {
			isa = XCBuildConfiguration;
			buildSettings = {
				ALWAYS_SEARCH_USER_PATHS = NO;
				CLANG_ANALYZER_NONNULL = YES;
				CLANG_ANALYZER_NUMBER_OBJECT_CONVERSION = YES_AGGRESSIVE;
				CLANG_CXX_LANGUAGE_STANDARD = "gnu++20";
				CLANG_ENABLE_MODULES = YES;
				CLANG_ENABLE_OBJC_ARC = YES;
				CLANG_ENABLE_OBJC_WEAK = YES;
				CLANG_WARN_BLOCK_CAPTURE_AUTORELEASING = YES;
				CLANG_WARN_BOOL_CONVERSION = YES;
				CLANG_WARN_COMMA = YES;
				CLANG_WARN_CONSTANT_CONVERSION = YES;
				CLANG_WARN_DEPRECATED_OBJC_IMPLEMENTATIONS = YES;
				CLANG_WARN_DIRECT_OBJC_ISA_USAGE = YES_ERROR;
				CLANG_WARN_DOCUMENTATION_COMMENTS = YES;
				CLANG_WARN_EMPTY_BODY = YES;
				CLANG_WARN_ENUM_CONVERSION = YES;
				CLANG_WARN_INFINITE_RECURSION = YES;
				CLANG_WARN_INT_CONVERSION = YES;
				CLANG_WARN_NON_LITERAL_NULL_CONVERSION = YES;
				CLANG_WARN_OBJC_IMPLICIT_RETAIN_SELF = YES;
				CLANG_WARN_OBJC_LITERAL_CONVERSION = YES;
				CLANG_WARN_OBJC_ROOT_CLASS = YES_ERROR;
				CLANG_WARN_QUOTED_INCLUDE_IN_FRAMEWORK_HEADER = YES;
				CLANG_WARN_RANGE_LOOP_ANALYSIS = YES;
				CLANG_WARN_STRICT_PROTOTYPES = YES;
				CLANG_WARN_SUSPICIOUS_MOVE = YES;
				CLANG_WARN_UNGUARDED_AVAILABILITY = YES_AGGRESSIVE;
				CLANG_WARN_UNREACHABLE_CODE = YES;
				CLANG_WARN__DUPLICATE_METHOD_MATCH = YES;
				COPY_PHASE_STRIP = NO;
				DEBUG_INFORMATION_FORMAT = dwarf;
				ENABLE_STRICT_OBJC_MSGSEND = YES;
				ENABLE_TESTABILITY = YES;
				GCC_C_LANGUAGE_STANDARD = gnu11;
				GCC_DYNAMIC_NO_PIC = NO;
				GCC_NO_COMMON_BLOCKS = YES;
				GCC_OPTIMIZATION_LEVEL = 0;
				GCC_PREPROCESSOR_DEFINITIONS = (
					"DEBUG=1",
					"$(inherited)",
				);
				GCC_WARN_64_TO_32_BIT_CONVERSION = YES;
				GCC_WARN_ABOUT_RETURN_TYPE = YES_ERROR;
				GCC_WARN_UNDECLARED_SELECTOR = YES;
				GCC_WARN_UNINITIALIZED_AUTOS = YES_AGGRESSIVE;
				GCC_WARN_UNUSED_FUNCTION = YES;
				GCC_WARN_UNUSED_VARIABLE = YES;
				MTL_ENABLE_DEBUG_INFO = INCLUDE_SOURCE;
				MTL_FAST_MATH = YES;
				ONLY_ACTIVE_ARCH = YES;
				SWIFT_ACTIVE_COMPILATION_CONDITIONS = DEBUG;
				SWIFT_OPTIMIZATION_LEVEL = "-Onone";
			};
			name = Debug;
		};
		450D8FD22D352AAB002D203A /* Release */ = {
			isa = XCBuildConfiguration;
			buildSettings = {
				ALWAYS_SEARCH_USER_PATHS = NO;
				CLANG_ANALYZER_NONNULL = YES;
				CLANG_ANALYZER_NUMBER_OBJECT_CONVERSION = YES_AGGRESSIVE;
				CLANG_CXX_LANGUAGE_STANDARD = "gnu++20";
				CLANG_ENABLE_MODULES = YES;
				CLANG_ENABLE_OBJC_ARC = YES;
				CLANG_ENABLE_OBJC_WEAK = YES;
				CLANG_WARN_BLOCK_CAPTURE_AUTORELEASING = YES;
				CLANG_WARN_BOOL_CONVERSION = YES;
				CLANG_WARN_COMMA = YES;
				CLANG_WARN_CONSTANT_CONVERSION = YES;
				CLANG_WARN_DEPRECATED_OBJC_IMPLEMENTATIONS = YES;
				CLANG_WARN_DIRECT_OBJC_ISA_USAGE = YES_ERROR;
				CLANG_WARN_DOCUMENTATION_COMMENTS = YES;
				CLANG_WARN_EMPTY_BODY = YES;
				CLANG_WARN_ENUM_CONVERSION = YES;
				CLANG_WARN_INFINITE_RECURSION = YES;
				CLANG_WARN_INT_CONVERSION = YES;
				CLANG_WARN_NON_LITERAL_NULL_CONVERSION = YES;
				CLANG_WARN_OBJC_IMPLICIT_RETAIN_SELF = YES;
				CLANG_WARN_OBJC_LITERAL_CONVERSION = YES;
				CLANG_WARN_OBJC_ROOT_CLASS = YES_ERROR;
				CLANG_WARN_QUOTED_INCLUDE_IN_FRAMEWORK_HEADER = YES;
				CLANG_WARN_RANGE_LOOP_ANALYSIS = YES;
				CLANG_WARN_STRICT_PROTOTYPES = YES;
				CLANG_WARN_SUSPICIOUS_MOVE = YES;
				CLANG_WARN_UNGUARDED_AVAILABILITY = YES_AGGRESSIVE;
				CLANG_WARN_UNREACHABLE_CODE = YES;
				CLANG_WARN__DUPLICATE_METHOD_MATCH = YES;
				COPY_PHASE_STRIP = NO;
				DEBUG_INFORMATION_FORMAT = "dwarf-with-dsym";
				ENABLE_NS_ASSERTIONS = NO;
				ENABLE_STRICT_OBJC_MSGSEND = YES;
				GCC_C_LANGUAGE_STANDARD = gnu11;
				GCC_NO_COMMON_BLOCKS = YES;
				GCC_WARN_64_TO_32_BIT_CONVERSION = YES;
				GCC_WARN_ABOUT_RETURN_TYPE = YES_ERROR;
				GCC_WARN_UNDECLARED_SELECTOR = YES;
				GCC_WARN_UNINITIALIZED_AUTOS = YES_AGGRESSIVE;
				GCC_WARN_UNUSED_FUNCTION = YES;
				GCC_WARN_UNUSED_VARIABLE = YES;
				MTL_ENABLE_DEBUG_INFO = NO;
				MTL_FAST_MATH = YES;
				SWIFT_COMPILATION_MODE = wholemodule;
				SWIFT_OPTIMIZATION_LEVEL = "-O";
			};
			name = Release;
		};
		450D8FD42D352AAB002D203A /* Debug */ = {
			isa = XCBuildConfiguration;
			buildSettings = {
				ASSETCATALOG_COMPILER_APPICON_NAME = AppIcon;
				ASSETCATALOG_COMPILER_GLOBAL_ACCENT_COLOR_NAME = AccentColor;
				CODE_SIGN_ENTITLEMENTS = "MVVM-fakestore/MVVM_fakestore.entitlements";
				CODE_SIGN_STYLE = Automatic;
				CURRENT_PROJECT_VERSION = 1;
				DEVELOPMENT_ASSET_PATHS = "\"MVVM-fakestore/Preview Content\"";
				ENABLE_PREVIEWS = YES;
				GENERATE_INFOPLIST_FILE = YES;
				INFOPLIST_KEY_NSCameraUsageDescription = "App needs to access camera";
				INFOPLIST_KEY_NSLocationAlwaysAndWhenInUseUsageDescription = "App needs to access location";
				INFOPLIST_KEY_NSLocationWhenInUseUsageDescription = "App needs to access location when you are playing the game.";
				INFOPLIST_KEY_NSMicrophoneUsageDescription = "App needs to access Mic";
				INFOPLIST_KEY_NSPhotoLibraryAddUsageDescription = "App needs to save photo in library, please give access";
				INFOPLIST_KEY_NSPhotoLibraryUsageDescription = "App needs to access Photo library";
				"INFOPLIST_KEY_UIApplicationSceneManifest_Generation[sdk=iphoneos*]" = YES;
				"INFOPLIST_KEY_UIApplicationSceneManifest_Generation[sdk=iphonesimulator*]" = YES;
				"INFOPLIST_KEY_UIApplicationSupportsIndirectInputEvents[sdk=iphoneos*]" = YES;
				"INFOPLIST_KEY_UIApplicationSupportsIndirectInputEvents[sdk=iphonesimulator*]" = YES;
				"INFOPLIST_KEY_UILaunchScreen_Generation[sdk=iphoneos*]" = YES;
				"INFOPLIST_KEY_UILaunchScreen_Generation[sdk=iphonesimulator*]" = YES;
				"INFOPLIST_KEY_UIStatusBarStyle[sdk=iphoneos*]" = UIStatusBarStyleDefault;
				"INFOPLIST_KEY_UIStatusBarStyle[sdk=iphonesimulator*]" = UIStatusBarStyleDefault;
				INFOPLIST_KEY_UISupportedInterfaceOrientations_iPad = "UIInterfaceOrientationPortrait UIInterfaceOrientationPortraitUpsideDown UIInterfaceOrientationLandscapeLeft UIInterfaceOrientationLandscapeRight";
				INFOPLIST_KEY_UISupportedInterfaceOrientations_iPhone = "UIInterfaceOrientationPortrait UIInterfaceOrientationLandscapeLeft UIInterfaceOrientationLandscapeRight";
				IPHONEOS_DEPLOYMENT_TARGET = 16.2;
				LD_RUNPATH_SEARCH_PATHS = "@executable_path/Frameworks";
				"LD_RUNPATH_SEARCH_PATHS[sdk=macosx*]" = "@executable_path/../Frameworks";
				MACOSX_DEPLOYMENT_TARGET = 12.7;
				MARKETING_VERSION = 1.0;
				PRODUCT_BUNDLE_IDENTIFIER = "com.codesquare.MVVM-fakestore";
				PRODUCT_NAME = "$(TARGET_NAME)";
				SDKROOT = auto;
				SUPPORTED_PLATFORMS = "iphoneos iphonesimulator macosx";
				SWIFT_EMIT_LOC_STRINGS = YES;
				SWIFT_VERSION = 5.0;
				TARGETED_DEVICE_FAMILY = "1,2";
			};
			name = Debug;
		};
		450D8FD52D352AAB002D203A /* Release */ = {
			isa = XCBuildConfiguration;
			buildSettings = {
				ASSETCATALOG_COMPILER_APPICON_NAME = AppIcon;
				ASSETCATALOG_COMPILER_GLOBAL_ACCENT_COLOR_NAME = AccentColor;
				CODE_SIGN_ENTITLEMENTS = "MVVM-fakestore/MVVM_fakestore.entitlements";
				CODE_SIGN_STYLE = Automatic;
				CURRENT_PROJECT_VERSION = 1;
				DEVELOPMENT_ASSET_PATHS = "\"MVVM-fakestore/Preview Content\"";
				ENABLE_PREVIEWS = YES;
				GENERATE_INFOPLIST_FILE = YES;
				INFOPLIST_KEY_NSCameraUsageDescription = "App needs to access camera";
				INFOPLIST_KEY_NSLocationAlwaysAndWhenInUseUsageDescription = "App needs to access location";
				INFOPLIST_KEY_NSLocationWhenInUseUsageDescription = "App needs to access location when you are playing the game.";
				INFOPLIST_KEY_NSMicrophoneUsageDescription = "App needs to access Mic";
				INFOPLIST_KEY_NSPhotoLibraryAddUsageDescription = "App needs to save photo in library, please give access";
				INFOPLIST_KEY_NSPhotoLibraryUsageDescription = "App needs to access Photo library";
				"INFOPLIST_KEY_UIApplicationSceneManifest_Generation[sdk=iphoneos*]" = YES;
				"INFOPLIST_KEY_UIApplicationSceneManifest_Generation[sdk=iphonesimulator*]" = YES;
				"INFOPLIST_KEY_UIApplicationSupportsIndirectInputEvents[sdk=iphoneos*]" = YES;
				"INFOPLIST_KEY_UIApplicationSupportsIndirectInputEvents[sdk=iphonesimulator*]" = YES;
				"INFOPLIST_KEY_UILaunchScreen_Generation[sdk=iphoneos*]" = YES;
				"INFOPLIST_KEY_UILaunchScreen_Generation[sdk=iphonesimulator*]" = YES;
				"INFOPLIST_KEY_UIStatusBarStyle[sdk=iphoneos*]" = UIStatusBarStyleDefault;
				"INFOPLIST_KEY_UIStatusBarStyle[sdk=iphonesimulator*]" = UIStatusBarStyleDefault;
				INFOPLIST_KEY_UISupportedInterfaceOrientations_iPad = "UIInterfaceOrientationPortrait UIInterfaceOrientationPortraitUpsideDown UIInterfaceOrientationLandscapeLeft UIInterfaceOrientationLandscapeRight";
				INFOPLIST_KEY_UISupportedInterfaceOrientations_iPhone = "UIInterfaceOrientationPortrait UIInterfaceOrientationLandscapeLeft UIInterfaceOrientationLandscapeRight";
				IPHONEOS_DEPLOYMENT_TARGET = 16.2;
				LD_RUNPATH_SEARCH_PATHS = "@executable_path/Frameworks";
				"LD_RUNPATH_SEARCH_PATHS[sdk=macosx*]" = "@executable_path/../Frameworks";
				MACOSX_DEPLOYMENT_TARGET = 12.7;
				MARKETING_VERSION = 1.0;
				PRODUCT_BUNDLE_IDENTIFIER = "com.codesquare.MVVM-fakestore";
				PRODUCT_NAME = "$(TARGET_NAME)";
				SDKROOT = auto;
				SUPPORTED_PLATFORMS = "iphoneos iphonesimulator macosx";
				SWIFT_EMIT_LOC_STRINGS = YES;
				SWIFT_VERSION = 5.0;
				TARGETED_DEVICE_FAMILY = "1,2";
			};
			name = Release;
		};
		450D8FD72D352AAB002D203A /* Debug */ = {
			isa = XCBuildConfiguration;
			buildSettings = {
				ALWAYS_EMBED_SWIFT_STANDARD_LIBRARIES = YES;
				BUNDLE_LOADER = "$(TEST_HOST)";
				CODE_SIGN_STYLE = Automatic;
				CURRENT_PROJECT_VERSION = 1;
				GENERATE_INFOPLIST_FILE = YES;
				IPHONEOS_DEPLOYMENT_TARGET = 16.2;
				MACOSX_DEPLOYMENT_TARGET = 12.7;
				MARKETING_VERSION = 1.0;
				PRODUCT_BUNDLE_IDENTIFIER = "com.codesquare.MVVM-fakestoreTests";
				PRODUCT_NAME = "$(TARGET_NAME)";
				SDKROOT = auto;
				SUPPORTED_PLATFORMS = "iphoneos iphonesimulator macosx";
				SWIFT_EMIT_LOC_STRINGS = NO;
				SWIFT_VERSION = 5.0;
				TARGETED_DEVICE_FAMILY = "1,2";
				TEST_HOST = "$(BUILT_PRODUCTS_DIR)/MVVM-fakestore.app/$(BUNDLE_EXECUTABLE_FOLDER_PATH)/MVVM-fakestore";
			};
			name = Debug;
		};
		450D8FD82D352AAB002D203A /* Release */ = {
			isa = XCBuildConfiguration;
			buildSettings = {
				ALWAYS_EMBED_SWIFT_STANDARD_LIBRARIES = YES;
				BUNDLE_LOADER = "$(TEST_HOST)";
				CODE_SIGN_STYLE = Automatic;
				CURRENT_PROJECT_VERSION = 1;
				GENERATE_INFOPLIST_FILE = YES;
				IPHONEOS_DEPLOYMENT_TARGET = 16.2;
				MACOSX_DEPLOYMENT_TARGET = 12.7;
				MARKETING_VERSION = 1.0;
				PRODUCT_BUNDLE_IDENTIFIER = "com.codesquare.MVVM-fakestoreTests";
				PRODUCT_NAME = "$(TARGET_NAME)";
				SDKROOT = auto;
				SUPPORTED_PLATFORMS = "iphoneos iphonesimulator macosx";
				SWIFT_EMIT_LOC_STRINGS = NO;
				SWIFT_VERSION = 5.0;
				TARGETED_DEVICE_FAMILY = "1,2";
				TEST_HOST = "$(BUILT_PRODUCTS_DIR)/MVVM-fakestore.app/$(BUNDLE_EXECUTABLE_FOLDER_PATH)/MVVM-fakestore";
			};
			name = Release;
		};
		450D8FDA2D352AAB002D203A /* Debug */ = {
			isa = XCBuildConfiguration;
			buildSettings = {
				ALWAYS_EMBED_SWIFT_STANDARD_LIBRARIES = YES;
				CODE_SIGN_STYLE = Automatic;
				CURRENT_PROJECT_VERSION = 1;
				GENERATE_INFOPLIST_FILE = YES;
				IPHONEOS_DEPLOYMENT_TARGET = 16.2;
				MACOSX_DEPLOYMENT_TARGET = 12.7;
				MARKETING_VERSION = 1.0;
				PRODUCT_BUNDLE_IDENTIFIER = "com.codesquare.MVVM-fakestoreUITests";
				PRODUCT_NAME = "$(TARGET_NAME)";
				SDKROOT = auto;
				SUPPORTED_PLATFORMS = "iphoneos iphonesimulator macosx";
				SWIFT_EMIT_LOC_STRINGS = NO;
				SWIFT_VERSION = 5.0;
				TARGETED_DEVICE_FAMILY = "1,2";
				TEST_TARGET_NAME = "MVVM-fakestore";
			};
			name = Debug;
		};
		450D8FDB2D352AAB002D203A /* Release */ = {
			isa = XCBuildConfiguration;
			buildSettings = {
				ALWAYS_EMBED_SWIFT_STANDARD_LIBRARIES = YES;
				CODE_SIGN_STYLE = Automatic;
				CURRENT_PROJECT_VERSION = 1;
				GENERATE_INFOPLIST_FILE = YES;
				IPHONEOS_DEPLOYMENT_TARGET = 16.2;
				MACOSX_DEPLOYMENT_TARGET = 12.7;
				MARKETING_VERSION = 1.0;
				PRODUCT_BUNDLE_IDENTIFIER = "com.codesquare.MVVM-fakestoreUITests";
				PRODUCT_NAME = "$(TARGET_NAME)";
				SDKROOT = auto;
				SUPPORTED_PLATFORMS = "iphoneos iphonesimulator macosx";
				SWIFT_EMIT_LOC_STRINGS = NO;
				SWIFT_VERSION = 5.0;
				TARGETED_DEVICE_FAMILY = "1,2";
				TEST_TARGET_NAME = "MVVM-fakestore";
			};
			name = Release;
		};
/* End XCBuildConfiguration section */

/* Begin XCConfigurationList section */
		450D8FA92D352AA7002D203A /* Build configuration list for PBXProject "MVVM-fakestore" */ = {
			isa = XCConfigurationList;
			buildConfigurations = (
				450D8FD12D352AAB002D203A /* Debug */,
				450D8FD22D352AAB002D203A /* Release */,
			);
			defaultConfigurationIsVisible = 0;
			defaultConfigurationName = Release;
		};
		450D8FD32D352AAB002D203A /* Build configuration list for PBXNativeTarget "MVVM-fakestore" */ = {
			isa = XCConfigurationList;
			buildConfigurations = (
				450D8FD42D352AAB002D203A /* Debug */,
				450D8FD52D352AAB002D203A /* Release */,
			);
			defaultConfigurationIsVisible = 0;
			defaultConfigurationName = Release;
		};
		450D8FD62D352AAB002D203A /* Build configuration list for PBXNativeTarget "MVVM-fakestoreTests" */ = {
			isa = XCConfigurationList;
			buildConfigurations = (
				450D8FD72D352AAB002D203A /* Debug */,
				450D8FD82D352AAB002D203A /* Release */,
			);
			defaultConfigurationIsVisible = 0;
			defaultConfigurationName = Release;
		};
		450D8FD92D352AAB002D203A /* Build configuration list for PBXNativeTarget "MVVM-fakestoreUITests" */ = {
			isa = XCConfigurationList;
			buildConfigurations = (
				450D8FDA2D352AAB002D203A /* Debug */,
				450D8FDB2D352AAB002D203A /* Release */,
			);
			defaultConfigurationIsVisible = 0;
			defaultConfigurationName = Release;
		};
/* End XCConfigurationList section */

/* Begin XCRemoteSwiftPackageReference section */
		450D8FEE2D3578A0002D203A /* XCRemoteSwiftPackageReference "SDWebImageSwiftUI" */ = {
			isa = XCRemoteSwiftPackageReference;
			repositoryURL = "https://github.com/SDWebImage/SDWebImageSwiftUI.git";
			requirement = {
				kind = upToNextMajorVersion;
				minimumVersion = 3.0.0;
			};
		};
/* End XCRemoteSwiftPackageReference section */

/* Begin XCSwiftPackageProductDependency section */
		450D8FEF2D3578A0002D203A /* SDWebImageSwiftUI */ = {
			isa = XCSwiftPackageProductDependency;
			package = 450D8FEE2D3578A0002D203A /* XCRemoteSwiftPackageReference "SDWebImageSwiftUI" */;
			productName = SDWebImageSwiftUI;
		};
		45DC60572D4A83F900AE529C /* SDWebImageSwiftUI */ = {
			isa = XCSwiftPackageProductDependency;
			package = 450D8FEE2D3578A0002D203A /* XCRemoteSwiftPackageReference "SDWebImageSwiftUI" */;
			productName = SDWebImageSwiftUI;
		};
		45DC605A2D4A84CC00AE529C /* SDWebImageSwiftUI */ = {
			isa = XCSwiftPackageProductDependency;
			package = 450D8FEE2D3578A0002D203A /* XCRemoteSwiftPackageReference "SDWebImageSwiftUI" */;
			productName = SDWebImageSwiftUI;
		};
/* End XCSwiftPackageProductDependency section */

/* Begin XCVersionGroup section */
		45F24AF82D3E84BC000CA242 /* FruitContainer.xcdatamodeld */ = {
			isa = XCVersionGroup;
			children = (
				45F24AF92D3E84BC000CA242 /* FruitContainer.xcdatamodel */,
			);
			currentVersion = 45F24AF92D3E84BC000CA242 /* FruitContainer.xcdatamodel */;
			path = FruitContainer.xcdatamodeld;
			sourceTree = "<group>";
			versionGroupType = wrapper.xcdatamodel;
		};
		45F24AFE2D3EA9D1000CA242 /* CoreDataContainer.xcdatamodeld */ = {
			isa = XCVersionGroup;
			children = (
				45F24AFF2D3EA9D1000CA242 /* CoreDataContainer.xcdatamodel */,
			);
			currentVersion = 45F24AFF2D3EA9D1000CA242 /* CoreDataContainer.xcdatamodel */;
			path = CoreDataContainer.xcdatamodeld;
			sourceTree = "<group>";
			versionGroupType = wrapper.xcdatamodel;
		};
/* End XCVersionGroup section */
	};
	rootObject = 450D8FA62D352AA7002D203A /* Project object */;
}
